// !$*UTF8*$!
{
	archiveVersion = 1;
	classes = {
	};
	objectVersion = 56;
	objects = {

/* Begin PBXBuildFile section */
		1873FBA02BD9EF24007E2D65 /* SwiftConcurrencyApp.swift in Sources */ = {isa = PBXBuildFile; fileRef = 1873FB9F2BD9EF24007E2D65 /* SwiftConcurrencyApp.swift */; };
		1873FBA22BD9EF24007E2D65 /* ContentView.swift in Sources */ = {isa = PBXBuildFile; fileRef = 1873FBA12BD9EF24007E2D65 /* ContentView.swift */; };
		1873FBA42BD9EF25007E2D65 /* Assets.xcassets in Resources */ = {isa = PBXBuildFile; fileRef = 1873FBA32BD9EF25007E2D65 /* Assets.xcassets */; };
		1873FBA72BD9EF25007E2D65 /* Preview Assets.xcassets in Resources */ = {isa = PBXBuildFile; fileRef = 1873FBA62BD9EF25007E2D65 /* Preview Assets.xcassets */; };
		1873FBB12BD9EF25007E2D65 /* SwiftConcurrencyTests.swift in Sources */ = {isa = PBXBuildFile; fileRef = 1873FBB02BD9EF25007E2D65 /* SwiftConcurrencyTests.swift */; };
		1873FBBB2BD9EF25007E2D65 /* SwiftConcurrencyUITests.swift in Sources */ = {isa = PBXBuildFile; fileRef = 1873FBBA2BD9EF25007E2D65 /* SwiftConcurrencyUITests.swift */; };
		1873FBBD2BD9EF25007E2D65 /* SwiftConcurrencyUITestsLaunchTests.swift in Sources */ = {isa = PBXBuildFile; fileRef = 1873FBBC2BD9EF25007E2D65 /* SwiftConcurrencyUITestsLaunchTests.swift */; };
/* End PBXBuildFile section */

/* Begin PBXContainerItemProxy section */
		1873FBAD2BD9EF25007E2D65 /* PBXContainerItemProxy */ = {
			isa = PBXContainerItemProxy;
			containerPortal = 1873FB942BD9EF24007E2D65 /* Project object */;
			proxyType = 1;
			remoteGlobalIDString = 1873FB9B2BD9EF24007E2D65;
			remoteInfo = SwiftConcurrency;
		};
		1873FBB72BD9EF25007E2D65 /* PBXContainerItemProxy */ = {
			isa = PBXContainerItemProxy;
			containerPortal = 1873FB942BD9EF24007E2D65 /* Project object */;
			proxyType = 1;
			remoteGlobalIDString = 1873FB9B2BD9EF24007E2D65;
			remoteInfo = SwiftConcurrency;
		};
/* End PBXContainerItemProxy section */

/* Begin PBXFileReference section */
		1873FB9C2BD9EF24007E2D65 /* SwiftConcurrency.app */ = {isa = PBXFileReference; explicitFileType = wrapper.application; includeInIndex = 0; path = SwiftConcurrency.app; sourceTree = BUILT_PRODUCTS_DIR; };
		1873FB9F2BD9EF24007E2D65 /* SwiftConcurrencyApp.swift */ = {isa = PBXFileReference; lastKnownFileType = sourcecode.swift; path = SwiftConcurrencyApp.swift; sourceTree = "<group>"; };
		1873FBA12BD9EF24007E2D65 /* ContentView.swift */ = {isa = PBXFileReference; lastKnownFileType = sourcecode.swift; path = ContentView.swift; sourceTree = "<group>"; };
		1873FBA32BD9EF25007E2D65 /* Assets.xcassets */ = {isa = PBXFileReference; lastKnownFileType = folder.assetcatalog; path = Assets.xcassets; sourceTree = "<group>"; };
		1873FBA62BD9EF25007E2D65 /* Preview Assets.xcassets */ = {isa = PBXFileReference; lastKnownFileType = folder.assetcatalog; path = "Preview Assets.xcassets"; sourceTree = "<group>"; };
		1873FBAC2BD9EF25007E2D65 /* SwiftConcurrencyTests.xctest */ = {isa = PBXFileReference; explicitFileType = wrapper.cfbundle; includeInIndex = 0; path = SwiftConcurrencyTests.xctest; sourceTree = BUILT_PRODUCTS_DIR; };
		1873FBB02BD9EF25007E2D65 /* SwiftConcurrencyTests.swift */ = {isa = PBXFileReference; lastKnownFileType = sourcecode.swift; path = SwiftConcurrencyTests.swift; sourceTree = "<group>"; };
		1873FBB62BD9EF25007E2D65 /* SwiftConcurrencyUITests.xctest */ = {isa = PBXFileReference; explicitFileType = wrapper.cfbundle; includeInIndex = 0; path = SwiftConcurrencyUITests.xctest; sourceTree = BUILT_PRODUCTS_DIR; };
		1873FBBA2BD9EF25007E2D65 /* SwiftConcurrencyUITests.swift */ = {isa = PBXFileReference; lastKnownFileType = sourcecode.swift; path = SwiftConcurrencyUITests.swift; sourceTree = "<group>"; };
		1873FBBC2BD9EF25007E2D65 /* SwiftConcurrencyUITestsLaunchTests.swift */ = {isa = PBXFileReference; lastKnownFileType = sourcecode.swift; path = SwiftConcurrencyUITestsLaunchTests.swift; sourceTree = "<group>"; };
/* End PBXFileReference section */

/* Begin PBXFrameworksBuildPhase section */
		1873FB992BD9EF24007E2D65 /* Frameworks */ = {
			isa = PBXFrameworksBuildPhase;
			buildActionMask = 2147483647;
			files = (
			);
			runOnlyForDeploymentPostprocessing = 0;
		};
		1873FBA92BD9EF25007E2D65 /* Frameworks */ = {
			isa = PBXFrameworksBuildPhase;
			buildActionMask = 2147483647;
			files = (
			);
			runOnlyForDeploymentPostprocessing = 0;
		};
		1873FBB32BD9EF25007E2D65 /* Frameworks */ = {
			isa = PBXFrameworksBuildPhase;
			buildActionMask = 2147483647;
			files = (
			);
			runOnlyForDeploymentPostprocessing = 0;
		};
/* End PBXFrameworksBuildPhase section */

/* Begin PBXGroup section */
		1873FB932BD9EF24007E2D65 = {
			isa = PBXGroup;
			children = (
				1873FB9E2BD9EF24007E2D65 /* SwiftConcurrency */,
				1873FBAF2BD9EF25007E2D65 /* SwiftConcurrencyTests */,
				1873FBB92BD9EF25007E2D65 /* SwiftConcurrencyUITests */,
				1873FB9D2BD9EF24007E2D65 /* Products */,
			);
			sourceTree = "<group>";
		};
		1873FB9D2BD9EF24007E2D65 /* Products */ = {
			isa = PBXGroup;
			children = (
				1873FB9C2BD9EF24007E2D65 /* SwiftConcurrency.app */,
				1873FBAC2BD9EF25007E2D65 /* SwiftConcurrencyTests.xctest */,
				1873FBB62BD9EF25007E2D65 /* SwiftConcurrencyUITests.xctest */,
			);
			name = Products;
			sourceTree = "<group>";
		};
		1873FB9E2BD9EF24007E2D65 /* SwiftConcurrency */ = {
			isa = PBXGroup;
			children = (
				1873FB9F2BD9EF24007E2D65 /* SwiftConcurrencyApp.swift */,
				1873FBA12BD9EF24007E2D65 /* ContentView.swift */,
				1873FBA32BD9EF25007E2D65 /* Assets.xcassets */,
				1873FBA52BD9EF25007E2D65 /* Preview Content */,
			);
			path = SwiftConcurrency;
			sourceTree = "<group>";
		};
		1873FBA52BD9EF25007E2D65 /* Preview Content */ = {
			isa = PBXGroup;
			children = (
				1873FBA62BD9EF25007E2D65 /* Preview Assets.xcassets */,
			);
			path = "Preview Content";
			sourceTree = "<group>";
		};
		1873FBAF2BD9EF25007E2D65 /* SwiftConcurrencyTests */ = {
			isa = PBXGroup;
			children = (
				1873FBB02BD9EF25007E2D65 /* SwiftConcurrencyTests.swift */,
			);
			path = SwiftConcurrencyTests;
			sourceTree = "<group>";
		};
		1873FBB92BD9EF25007E2D65 /* SwiftConcurrencyUITests */ = {
			isa = PBXGroup;
			children = (
				1873FBBA2BD9EF25007E2D65 /* SwiftConcurrencyUITests.swift */,
				1873FBBC2BD9EF25007E2D65 /* SwiftConcurrencyUITestsLaunchTests.swift */,
			);
			path = SwiftConcurrencyUITests;
			sourceTree = "<group>";
		};
/* End PBXGroup section */

/* Begin PBXNativeTarget section */
		1873FB9B2BD9EF24007E2D65 /* SwiftConcurrency */ = {
			isa = PBXNativeTarget;
			buildConfigurationList = 1873FBC02BD9EF25007E2D65 /* Build configuration list for PBXNativeTarget "SwiftConcurrency" */;
			buildPhases = (
				1873FB982BD9EF24007E2D65 /* Sources */,
				1873FB992BD9EF24007E2D65 /* Frameworks */,
				1873FB9A2BD9EF24007E2D65 /* Resources */,
			);
			buildRules = (
			);
			dependencies = (
			);
			name = SwiftConcurrency;
			productName = SwiftConcurrency;
			productReference = 1873FB9C2BD9EF24007E2D65 /* SwiftConcurrency.app */;
			productType = "com.apple.product-type.application";
		};
		1873FBAB2BD9EF25007E2D65 /* SwiftConcurrencyTests */ = {
			isa = PBXNativeTarget;
			buildConfigurationList = 1873FBC32BD9EF25007E2D65 /* Build configuration list for PBXNativeTarget "SwiftConcurrencyTests" */;
			buildPhases = (
				1873FBA82BD9EF25007E2D65 /* Sources */,
				1873FBA92BD9EF25007E2D65 /* Frameworks */,
				1873FBAA2BD9EF25007E2D65 /* Resources */,
			);
			buildRules = (
			);
			dependencies = (
				1873FBAE2BD9EF25007E2D65 /* PBXTargetDependency */,
			);
			name = SwiftConcurrencyTests;
			productName = SwiftConcurrencyTests;
			productReference = 1873FBAC2BD9EF25007E2D65 /* SwiftConcurrencyTests.xctest */;
			productType = "com.apple.product-type.bundle.unit-test";
		};
		1873FBB52BD9EF25007E2D65 /* SwiftConcurrencyUITests */ = {
			isa = PBXNativeTarget;
			buildConfigurationList = 1873FBC62BD9EF25007E2D65 /* Build configuration list for PBXNativeTarget "SwiftConcurrencyUITests" */;
			buildPhases = (
				1873FBB22BD9EF25007E2D65 /* Sources */,
				1873FBB32BD9EF25007E2D65 /* Frameworks */,
				1873FBB42BD9EF25007E2D65 /* Resources */,
			);
			buildRules = (
			);
			dependencies = (
				1873FBB82BD9EF25007E2D65 /* PBXTargetDependency */,
			);
			name = SwiftConcurrencyUITests;
			productName = SwiftConcurrencyUITests;
			productReference = 1873FBB62BD9EF25007E2D65 /* SwiftConcurrencyUITests.xctest */;
			productType = "com.apple.product-type.bundle.ui-testing";
		};
/* End PBXNativeTarget section */

/* Begin PBXProject section */
		1873FB942BD9EF24007E2D65 /* Project object */ = {
			isa = PBXProject;
			attributes = {
				BuildIndependentTargetsInParallel = 1;
				LastSwiftUpdateCheck = 1530;
				LastUpgradeCheck = 1530;
				TargetAttributes = {
					1873FB9B2BD9EF24007E2D65 = {
						CreatedOnToolsVersion = 15.3;
					};
					1873FBAB2BD9EF25007E2D65 = {
						CreatedOnToolsVersion = 15.3;
						TestTargetID = 1873FB9B2BD9EF24007E2D65;
					};
					1873FBB52BD9EF25007E2D65 = {
						CreatedOnToolsVersion = 15.3;
						TestTargetID = 1873FB9B2BD9EF24007E2D65;
					};
				};
			};
			buildConfigurationList = 1873FB972BD9EF24007E2D65 /* Build configuration list for PBXProject "SwiftConcurrency" */;
			compatibilityVersion = "Xcode 14.0";
			developmentRegion = en;
			hasScannedForEncodings = 0;
			knownRegions = (
				en,
				Base,
			);
			mainGroup = 1873FB932BD9EF24007E2D65;
			productRefGroup = 1873FB9D2BD9EF24007E2D65 /* Products */;
			projectDirPath = "";
			projectRoot = "";
			targets = (
				1873FB9B2BD9EF24007E2D65 /* SwiftConcurrency */,
				1873FBAB2BD9EF25007E2D65 /* SwiftConcurrencyTests */,
				1873FBB52BD9EF25007E2D65 /* SwiftConcurrencyUITests */,
			);
		};
/* End PBXProject section */

/* Begin PBXResourcesBuildPhase section */
		1873FB9A2BD9EF24007E2D65 /* Resources */ = {
			isa = PBXResourcesBuildPhase;
			buildActionMask = 2147483647;
			files = (
				1873FBA72BD9EF25007E2D65 /* Preview Assets.xcassets in Resources */,
				1873FBA42BD9EF25007E2D65 /* Assets.xcassets in Resources */,
			);
			runOnlyForDeploymentPostprocessing = 0;
		};
		1873FBAA2BD9EF25007E2D65 /* Resources */ = {
			isa = PBXResourcesBuildPhase;
			buildActionMask = 2147483647;
			files = (
			);
			runOnlyForDeploymentPostprocessing = 0;
		};
		1873FBB42BD9EF25007E2D65 /* Resources */ = {
			isa = PBXResourcesBuildPhase;
			buildActionMask = 2147483647;
			files = (
			);
			runOnlyForDeploymentPostprocessing = 0;
		};
/* End PBXResourcesBuildPhase section */

/* Begin PBXSourcesBuildPhase section */
		1873FB982BD9EF24007E2D65 /* Sources */ = {
			isa = PBXSourcesBuildPhase;
			buildActionMask = 2147483647;
			files = (
				1873FBA22BD9EF24007E2D65 /* ContentView.swift in Sources */,
				1873FBA02BD9EF24007E2D65 /* SwiftConcurrencyApp.swift in Sources */,
			);
			runOnlyForDeploymentPostprocessing = 0;
		};
		1873FBA82BD9EF25007E2D65 /* Sources */ = {
			isa = PBXSourcesBuildPhase;
			buildActionMask = 2147483647;
			files = (
				1873FBB12BD9EF25007E2D65 /* SwiftConcurrencyTests.swift in Sources */,
			);
			runOnlyForDeploymentPostprocessing = 0;
		};
		1873FBB22BD9EF25007E2D65 /* Sources */ = {
			isa = PBXSourcesBuildPhase;
			buildActionMask = 2147483647;
			files = (
				1873FBBD2BD9EF25007E2D65 /* SwiftConcurrencyUITestsLaunchTests.swift in Sources */,
				1873FBBB2BD9EF25007E2D65 /* SwiftConcurrencyUITests.swift in Sources */,
			);
			runOnlyForDeploymentPostprocessing = 0;
		};
/* End PBXSourcesBuildPhase section */

/* Begin PBXTargetDependency section */
		1873FBAE2BD9EF25007E2D65 /* PBXTargetDependency */ = {
			isa = PBXTargetDependency;
			target = 1873FB9B2BD9EF24007E2D65 /* SwiftConcurrency */;
			targetProxy = 1873FBAD2BD9EF25007E2D65 /* PBXContainerItemProxy */;
		};
		1873FBB82BD9EF25007E2D65 /* PBXTargetDependency */ = {
			isa = PBXTargetDependency;
			target = 1873FB9B2BD9EF24007E2D65 /* SwiftConcurrency */;
			targetProxy = 1873FBB72BD9EF25007E2D65 /* PBXContainerItemProxy */;
		};
/* End PBXTargetDependency section */

/* Begin XCBuildConfiguration section */
		1873FBBE2BD9EF25007E2D65 /* Debug */ = {
			isa = XCBuildConfiguration;
			buildSettings = {
				ALWAYS_SEARCH_USER_PATHS = NO;
				ASSETCATALOG_COMPILER_GENERATE_SWIFT_ASSET_SYMBOL_EXTENSIONS = YES;
				CLANG_ANALYZER_NONNULL = YES;
				CLANG_ANALYZER_NUMBER_OBJECT_CONVERSION = YES_AGGRESSIVE;
				CLANG_CXX_LANGUAGE_STANDARD = "gnu++20";
				CLANG_ENABLE_MODULES = YES;
				CLANG_ENABLE_OBJC_ARC = YES;
				CLANG_ENABLE_OBJC_WEAK = YES;
				CLANG_WARN_BLOCK_CAPTURE_AUTORELEASING = YES;
				CLANG_WARN_BOOL_CONVERSION = YES;
				CLANG_WARN_COMMA = YES;
				CLANG_WARN_CONSTANT_CONVERSION = YES;
				CLANG_WARN_DEPRECATED_OBJC_IMPLEMENTATIONS = YES;
				CLANG_WARN_DIRECT_OBJC_ISA_USAGE = YES_ERROR;
				CLANG_WARN_DOCUMENTATION_COMMENTS = YES;
				CLANG_WARN_EMPTY_BODY = YES;
				CLANG_WARN_ENUM_CONVERSION = YES;
				CLANG_WARN_INFINITE_RECURSION = YES;
				CLANG_WARN_INT_CONVERSION = YES;
				CLANG_WARN_NON_LITERAL_NULL_CONVERSION = YES;
				CLANG_WARN_OBJC_IMPLICIT_RETAIN_SELF = YES;
				CLANG_WARN_OBJC_LITERAL_CONVERSION = YES;
				CLANG_WARN_OBJC_ROOT_CLASS = YES_ERROR;
				CLANG_WARN_QUOTED_INCLUDE_IN_FRAMEWORK_HEADER = YES;
				CLANG_WARN_RANGE_LOOP_ANALYSIS = YES;
				CLANG_WARN_STRICT_PROTOTYPES = YES;
				CLANG_WARN_SUSPICIOUS_MOVE = YES;
				CLANG_WARN_UNGUARDED_AVAILABILITY = YES_AGGRESSIVE;
				CLANG_WARN_UNREACHABLE_CODE = YES;
				CLANG_WARN__DUPLICATE_METHOD_MATCH = YES;
				COPY_PHASE_STRIP = NO;
				DEBUG_INFORMATION_FORMAT = dwarf;
				ENABLE_STRICT_OBJC_MSGSEND = YES;
				ENABLE_TESTABILITY = YES;
				ENABLE_USER_SCRIPT_SANDBOXING = YES;
				GCC_C_LANGUAGE_STANDARD = gnu17;
				GCC_DYNAMIC_NO_PIC = NO;
				GCC_NO_COMMON_BLOCKS = YES;
				GCC_OPTIMIZATION_LEVEL = 0;
				GCC_PREPROCESSOR_DEFINITIONS = (
					"DEBUG=1",
					"$(inherited)",
				);
				GCC_WARN_64_TO_32_BIT_CONVERSION = YES;
				GCC_WARN_ABOUT_RETURN_TYPE = YES_ERROR;
				GCC_WARN_UNDECLARED_SELECTOR = YES;
				GCC_WARN_UNINITIALIZED_AUTOS = YES_AGGRESSIVE;
				GCC_WARN_UNUSED_FUNCTION = YES;
				GCC_WARN_UNUSED_VARIABLE = YES;
				IPHONEOS_DEPLOYMENT_TARGET = 17.4;
				LOCALIZATION_PREFERS_STRING_CATALOGS = YES;
				MTL_ENABLE_DEBUG_INFO = INCLUDE_SOURCE;
				MTL_FAST_MATH = YES;
				ONLY_ACTIVE_ARCH = YES;
				SDKROOT = iphoneos;
				SWIFT_ACTIVE_COMPILATION_CONDITIONS = "DEBUG $(inherited)";
				SWIFT_OPTIMIZATION_LEVEL = "-Onone";
			};
			name = Debug;
		};
		1873FBBF2BD9EF25007E2D65 /* Release */ = {
			isa = XCBuildConfiguration;
			buildSettings = {
				ALWAYS_SEARCH_USER_PATHS = NO;
				ASSETCATALOG_COMPILER_GENERATE_SWIFT_ASSET_SYMBOL_EXTENSIONS = YES;
				CLANG_ANALYZER_NONNULL = YES;
				CLANG_ANALYZER_NUMBER_OBJECT_CONVERSION = YES_AGGRESSIVE;
				CLANG_CXX_LANGUAGE_STANDARD = "gnu++20";
				CLANG_ENABLE_MODULES = YES;
				CLANG_ENABLE_OBJC_ARC = YES;
				CLANG_ENABLE_OBJC_WEAK = YES;
				CLANG_WARN_BLOCK_CAPTURE_AUTORELEASING = YES;
				CLANG_WARN_BOOL_CONVERSION = YES;
				CLANG_WARN_COMMA = YES;
				CLANG_WARN_CONSTANT_CONVERSION = YES;
				CLANG_WARN_DEPRECATED_OBJC_IMPLEMENTATIONS = YES;
				CLANG_WARN_DIRECT_OBJC_ISA_USAGE = YES_ERROR;
				CLANG_WARN_DOCUMENTATION_COMMENTS = YES;
				CLANG_WARN_EMPTY_BODY = YES;
				CLANG_WARN_ENUM_CONVERSION = YES;
				CLANG_WARN_INFINITE_RECURSION = YES;
				CLANG_WARN_INT_CONVERSION = YES;
				CLANG_WARN_NON_LITERAL_NULL_CONVERSION = YES;
				CLANG_WARN_OBJC_IMPLICIT_RETAIN_SELF = YES;
				CLANG_WARN_OBJC_LITERAL_CONVERSION = YES;
				CLANG_WARN_OBJC_ROOT_CLASS = YES_ERROR;
				CLANG_WARN_QUOTED_INCLUDE_IN_FRAMEWORK_HEADER = YES;
				CLANG_WARN_RANGE_LOOP_ANALYSIS = YES;
				CLANG_WARN_STRICT_PROTOTYPES = YES;
				CLANG_WARN_SUSPICIOUS_MOVE = YES;
				CLANG_WARN_UNGUARDED_AVAILABILITY = YES_AGGRESSIVE;
				CLANG_WARN_UNREACHABLE_CODE = YES;
				CLANG_WARN__DUPLICATE_METHOD_MATCH = YES;
				COPY_PHASE_STRIP = NO;
				DEBUG_INFORMATION_FORMAT = "dwarf-with-dsym";
				ENABLE_NS_ASSERTIONS = NO;
				ENABLE_STRICT_OBJC_MSGSEND = YES;
				ENABLE_USER_SCRIPT_SANDBOXING = YES;
				GCC_C_LANGUAGE_STANDARD = gnu17;
				GCC_NO_COMMON_BLOCKS = YES;
				GCC_WARN_64_TO_32_BIT_CONVERSION = YES;
				GCC_WARN_ABOUT_RETURN_TYPE = YES_ERROR;
				GCC_WARN_UNDECLARED_SELECTOR = YES;
				GCC_WARN_UNINITIALIZED_AUTOS = YES_AGGRESSIVE;
				GCC_WARN_UNUSED_FUNCTION = YES;
				GCC_WARN_UNUSED_VARIABLE = YES;
				IPHONEOS_DEPLOYMENT_TARGET = 17.4;
				LOCALIZATION_PREFERS_STRING_CATALOGS = YES;
				MTL_ENABLE_DEBUG_INFO = NO;
				MTL_FAST_MATH = YES;
				SDKROOT = iphoneos;
				SWIFT_COMPILATION_MODE = wholemodule;
				VALIDATE_PRODUCT = YES;
			};
			name = Release;
		};
		1873FBC12BD9EF25007E2D65 /* Debug */ = {
			isa = XCBuildConfiguration;
			buildSettings = {
				ASSETCATALOG_COMPILER_APPICON_NAME = AppIcon;
				ASSETCATALOG_COMPILER_GLOBAL_ACCENT_COLOR_NAME = AccentColor;
				CODE_SIGN_STYLE = Automatic;
				CURRENT_PROJECT_VERSION = 1;
				DEVELOPMENT_ASSET_PATHS = "\"SwiftConcurrency/Preview Content\"";
				DEVELOPMENT_TEAM = Y9VA9N3V4A;
				ENABLE_PREVIEWS = YES;
				GENERATE_INFOPLIST_FILE = YES;
				INFOPLIST_KEY_UIApplicationSceneManifest_Generation = YES;
				INFOPLIST_KEY_UIApplicationSupportsIndirectInputEvents = YES;
				INFOPLIST_KEY_UILaunchScreen_Generation = YES;
				INFOPLIST_KEY_UISupportedInterfaceOrientations_iPad = "UIInterfaceOrientationPortrait UIInterfaceOrientationPortraitUpsideDown UIInterfaceOrientationLandscapeLeft UIInterfaceOrientationLandscapeRight";
				INFOPLIST_KEY_UISupportedInterfaceOrientations_iPhone = "UIInterfaceOrientationPortrait UIInterfaceOrientationLandscapeLeft UIInterfaceOrientationLandscapeRight";
				LD_RUNPATH_SEARCH_PATHS = (
					"$(inherited)",
					"@executable_path/Frameworks",
				);
				MARKETING_VERSION = 1.0;
				PRODUCT_BUNDLE_IDENTIFIER = com.jonnyklemmer.SwiftConcurrency;
				PRODUCT_NAME = "$(TARGET_NAME)";
				SWIFT_EMIT_LOC_STRINGS = YES;
				SWIFT_VERSION = 5.0;
				TARGETED_DEVICE_FAMILY = "1,2";
			};
			name = Debug;
		};
		1873FBC22BD9EF25007E2D65 /* Release */ = {
			isa = XCBuildConfiguration;
			buildSettings = {
				ASSETCATALOG_COMPILER_APPICON_NAME = AppIcon;
				ASSETCATALOG_COMPILER_GLOBAL_ACCENT_COLOR_NAME = AccentColor;
				CODE_SIGN_STYLE = Automatic;
				CURRENT_PROJECT_VERSION = 1;
				DEVELOPMENT_ASSET_PATHS = "\"SwiftConcurrency/Preview Content\"";
				DEVELOPMENT_TEAM = Y9VA9N3V4A;
				ENABLE_PREVIEWS = YES;
				GENERATE_INFOPLIST_FILE = YES;
				INFOPLIST_KEY_UIApplicationSceneManifest_Generation = YES;
				INFOPLIST_KEY_UIApplicationSupportsIndirectInputEvents = YES;
				INFOPLIST_KEY_UILaunchScreen_Generation = YES;
				INFOPLIST_KEY_UISupportedInterfaceOrientations_iPad = "UIInterfaceOrientationPortrait UIInterfaceOrientationPortraitUpsideDown UIInterfaceOrientationLandscapeLeft UIInterfaceOrientationLandscapeRight";
				INFOPLIST_KEY_UISupportedInterfaceOrientations_iPhone = "UIInterfaceOrientationPortrait UIInterfaceOrientationLandscapeLeft UIInterfaceOrientationLandscapeRight";
				LD_RUNPATH_SEARCH_PATHS = (
					"$(inherited)",
					"@executable_path/Frameworks",
				);
				MARKETING_VERSION = 1.0;
				PRODUCT_BUNDLE_IDENTIFIER = com.jonnyklemmer.SwiftConcurrency;
				PRODUCT_NAME = "$(TARGET_NAME)";
				SWIFT_EMIT_LOC_STRINGS = YES;
				SWIFT_VERSION = 5.0;
				TARGETED_DEVICE_FAMILY = "1,2";
			};
			name = Release;
		};
		1873FBC42BD9EF25007E2D65 /* Debug */ = {
			isa = XCBuildConfiguration;
			buildSettings = {
				ALWAYS_EMBED_SWIFT_STANDARD_LIBRARIES = YES;
				BUNDLE_LOADER = "$(TEST_HOST)";
				CODE_SIGN_STYLE = Automatic;
				CURRENT_PROJECT_VERSION = 1;
				DEVELOPMENT_TEAM = Y9VA9N3V4A;
				GENERATE_INFOPLIST_FILE = YES;
				IPHONEOS_DEPLOYMENT_TARGET = 17.4;
				MARKETING_VERSION = 1.0;
				PRODUCT_BUNDLE_IDENTIFIER = com.jonnyklemmer.SwiftConcurrencyTests;
				PRODUCT_NAME = "$(TARGET_NAME)";
				SWIFT_EMIT_LOC_STRINGS = NO;
				SWIFT_VERSION = 5.0;
				TARGETED_DEVICE_FAMILY = "1,2";
				TEST_HOST = "$(BUILT_PRODUCTS_DIR)/SwiftConcurrency.app/$(BUNDLE_EXECUTABLE_FOLDER_PATH)/SwiftConcurrency";
			};
			name = Debug;
		};
		1873FBC52BD9EF25007E2D65 /* Release */ = {
			isa = XCBuildConfiguration;
			buildSettings = {
				ALWAYS_EMBED_SWIFT_STANDARD_LIBRARIES = YES;
				BUNDLE_LOADER = "$(TEST_HOST)";
				CODE_SIGN_STYLE = Automatic;
				CURRENT_PROJECT_VERSION = 1;
				DEVELOPMENT_TEAM = Y9VA9N3V4A;
				GENERATE_INFOPLIST_FILE = YES;
				IPHONEOS_DEPLOYMENT_TARGET = 17.4;
				MARKETING_VERSION = 1.0;
				PRODUCT_BUNDLE_IDENTIFIER = com.jonnyklemmer.SwiftConcurrencyTests;
				PRODUCT_NAME = "$(TARGET_NAME)";
				SWIFT_EMIT_LOC_STRINGS = NO;
				SWIFT_VERSION = 5.0;
				TARGETED_DEVICE_FAMILY = "1,2";
				TEST_HOST = "$(BUILT_PRODUCTS_DIR)/SwiftConcurrency.app/$(BUNDLE_EXECUTABLE_FOLDER_PATH)/SwiftConcurrency";
			};
			name = Release;
		};
		1873FBC72BD9EF25007E2D65 /* Debug */ = {
			isa = XCBuildConfiguration;
			buildSettings = {
				ALWAYS_EMBED_SWIFT_STANDARD_LIBRARIES = YES;
				CODE_SIGN_STYLE = Automatic;
				CURRENT_PROJECT_VERSION = 1;
				DEVELOPMENT_TEAM = Y9VA9N3V4A;
				GENERATE_INFOPLIST_FILE = YES;
				MARKETING_VERSION = 1.0;
				PRODUCT_BUNDLE_IDENTIFIER = com.jonnyklemmer.SwiftConcurrencyUITests;
				PRODUCT_NAME = "$(TARGET_NAME)";
				SWIFT_EMIT_LOC_STRINGS = NO;
				SWIFT_VERSION = 5.0;
				TARGETED_DEVICE_FAMILY = "1,2";
				TEST_TARGET_NAME = SwiftConcurrency;
			};
			name = Debug;
		};
		1873FBC82BD9EF25007E2D65 /* Release */ = {
			isa = XCBuildConfiguration;
			buildSettings = {
				ALWAYS_EMBED_SWIFT_STANDARD_LIBRARIES = YES;
				CODE_SIGN_STYLE = Automatic;
				CURRENT_PROJECT_VERSION = 1;
				DEVELOPMENT_TEAM = Y9VA9N3V4A;
				GENERATE_INFOPLIST_FILE = YES;
				MARKETING_VERSION = 1.0;
				PRODUCT_BUNDLE_IDENTIFIER = com.jonnyklemmer.SwiftConcurrencyUITests;
				PRODUCT_NAME = "$(TARGET_NAME)";
				SWIFT_EMIT_LOC_STRINGS = NO;
				SWIFT_VERSION = 5.0;
				TARGETED_DEVICE_FAMILY = "1,2";
				TEST_TARGET_NAME = SwiftConcurrency;
			};
			name = Release;
		};
/* End XCBuildConfiguration section */

/* Begin XCConfigurationList section */
		1873FB972BD9EF24007E2D65 /* Build configuration list for PBXProject "SwiftConcurrency" */ = {
			isa = XCConfigurationList;
			buildConfigurations = (
				1873FBBE2BD9EF25007E2D65 /* Debug */,
				1873FBBF2BD9EF25007E2D65 /* Release */,
			);
			defaultConfigurationIsVisible = 0;
			defaultConfigurationName = Release;
		};
		1873FBC02BD9EF25007E2D65 /* Build configuration list for PBXNativeTarget "SwiftConcurrency" */ = {
			isa = XCConfigurationList;
			buildConfigurations = (
				1873FBC12BD9EF25007E2D65 /* Debug */,
				1873FBC22BD9EF25007E2D65 /* Release */,
			);
			defaultConfigurationIsVisible = 0;
			defaultConfigurationName = Release;
		};
		1873FBC32BD9EF25007E2D65 /* Build configuration list for PBXNativeTarget "SwiftConcurrencyTests" */ = {
			isa = XCConfigurationList;
			buildConfigurations = (
				1873FBC42BD9EF25007E2D65 /* Debug */,
				1873FBC52BD9EF25007E2D65 /* Release */,
			);
			defaultConfigurationIsVisible = 0;
			defaultConfigurationName = Release;
		};
		1873FBC62BD9EF25007E2D65 /* Build configuration list for PBXNativeTarget "SwiftConcurrencyUITests" */ = {
			isa = XCConfigurationList;
			buildConfigurations = (
				1873FBC72BD9EF25007E2D65 /* Debug */,
				1873FBC82BD9EF25007E2D65 /* Release */,
			);
			defaultConfigurationIsVisible = 0;
			defaultConfigurationName = Release;
		};
/* End XCConfigurationList section */
	};
	rootObject = 1873FB942BD9EF24007E2D65 /* Project object */;
}
